// !$*UTF8*$!
{
	archiveVersion = 1;
	classes = {
	};
	objectVersion = 50;
	objects = {

/* Begin PBXBuildFile section */
		BA8F7543234370190078709C /* AppDelegate.swift in Sources */ = {isa = PBXBuildFile; fileRef = BA8F7542234370190078709C /* AppDelegate.swift */; };
		BA8F7545234370190078709C /* FirstViewController.swift in Sources */ = {isa = PBXBuildFile; fileRef = BA8F7544234370190078709C /* FirstViewController.swift */; };
		BA8F7547234370190078709C /* SecondViewController.swift in Sources */ = {isa = PBXBuildFile; fileRef = BA8F7546234370190078709C /* SecondViewController.swift */; };
		BA8F754A234370190078709C /* Main.storyboard in Resources */ = {isa = PBXBuildFile; fileRef = BA8F7548234370190078709C /* Main.storyboard */; };
		BA8F754C2343701A0078709C /* Assets.xcassets in Resources */ = {isa = PBXBuildFile; fileRef = BA8F754B2343701A0078709C /* Assets.xcassets */; };
		BA8F754F2343701A0078709C /* LaunchScreen.storyboard in Resources */ = {isa = PBXBuildFile; fileRef = BA8F754D2343701A0078709C /* LaunchScreen.storyboard */; };
		BA8F755A2343701B0078709C /* SlideOutMenuWithTabViewTests.swift in Sources */ = {isa = PBXBuildFile; fileRef = BA8F75592343701B0078709C /* SlideOutMenuWithTabViewTests.swift */; };
		BA8F75652343701B0078709C /* SlideOutMenuWithTabViewUITests.swift in Sources */ = {isa = PBXBuildFile; fileRef = BA8F75642343701B0078709C /* SlideOutMenuWithTabViewUITests.swift */; };
		BA8F7578234370C90078709C /* MenuViewController.swift in Sources */ = {isa = PBXBuildFile; fileRef = BA8F7577234370C90078709C /* MenuViewController.swift */; };
		BA8F757A234371C20078709C /* MenuNavigationController.swift in Sources */ = {isa = PBXBuildFile; fileRef = BA8F7579234371C20078709C /* MenuNavigationController.swift */; };
		BA8F758A23438CB10078709C /* ENSideMenu.swift in Sources */ = {isa = PBXBuildFile; fileRef = BA8F758823438CB10078709C /* ENSideMenu.swift */; };
		BA8F758B23438CB10078709C /* ENSideMenuNavigationController.swift in Sources */ = {isa = PBXBuildFile; fileRef = BA8F758923438CB10078709C /* ENSideMenuNavigationController.swift */; };
/* End PBXBuildFile section */

/* Begin PBXContainerItemProxy section */
		BA8F75562343701B0078709C /* PBXContainerItemProxy */ = {
			isa = PBXContainerItemProxy;
			containerPortal = BA8F7537234370190078709C /* Project object */;
			proxyType = 1;
			remoteGlobalIDString = BA8F753E234370190078709C;
			remoteInfo = SlideOutMenuWithTabView;
		};
		BA8F75612343701B0078709C /* PBXContainerItemProxy */ = {
			isa = PBXContainerItemProxy;
			containerPortal = BA8F7537234370190078709C /* Project object */;
			proxyType = 1;
			remoteGlobalIDString = BA8F753E234370190078709C;
			remoteInfo = SlideOutMenuWithTabView;
		};
/* End PBXContainerItemProxy section */

/* Begin PBXFileReference section */
		BA8F753F234370190078709C /* SlideOutMenuWithTabView.app */ = {isa = PBXFileReference; explicitFileType = wrapper.application; includeInIndex = 0; path = SlideOutMenuWithTabView.app; sourceTree = BUILT_PRODUCTS_DIR; };
		BA8F7542234370190078709C /* AppDelegate.swift */ = {isa = PBXFileReference; lastKnownFileType = sourcecode.swift; path = AppDelegate.swift; sourceTree = "<group>"; };
		BA8F7544234370190078709C /* FirstViewController.swift */ = {isa = PBXFileReference; lastKnownFileType = sourcecode.swift; path = FirstViewController.swift; sourceTree = "<group>"; };
		BA8F7546234370190078709C /* SecondViewController.swift */ = {isa = PBXFileReference; lastKnownFileType = sourcecode.swift; path = SecondViewController.swift; sourceTree = "<group>"; };
		BA8F7549234370190078709C /* Base */ = {isa = PBXFileReference; lastKnownFileType = file.storyboard; name = Base; path = Base.lproj/Main.storyboard; sourceTree = "<group>"; };
		BA8F754B2343701A0078709C /* Assets.xcassets */ = {isa = PBXFileReference; lastKnownFileType = folder.assetcatalog; path = Assets.xcassets; sourceTree = "<group>"; };
		BA8F754E2343701A0078709C /* Base */ = {isa = PBXFileReference; lastKnownFileType = file.storyboard; name = Base; path = Base.lproj/LaunchScreen.storyboard; sourceTree = "<group>"; };
		BA8F75502343701A0078709C /* Info.plist */ = {isa = PBXFileReference; lastKnownFileType = text.plist.xml; path = Info.plist; sourceTree = "<group>"; };
		BA8F75552343701B0078709C /* SlideOutMenuWithTabViewTests.xctest */ = {isa = PBXFileReference; explicitFileType = wrapper.cfbundle; includeInIndex = 0; path = SlideOutMenuWithTabViewTests.xctest; sourceTree = BUILT_PRODUCTS_DIR; };
		BA8F75592343701B0078709C /* SlideOutMenuWithTabViewTests.swift */ = {isa = PBXFileReference; lastKnownFileType = sourcecode.swift; path = SlideOutMenuWithTabViewTests.swift; sourceTree = "<group>"; };
		BA8F755B2343701B0078709C /* Info.plist */ = {isa = PBXFileReference; lastKnownFileType = text.plist.xml; path = Info.plist; sourceTree = "<group>"; };
		BA8F75602343701B0078709C /* SlideOutMenuWithTabViewUITests.xctest */ = {isa = PBXFileReference; explicitFileType = wrapper.cfbundle; includeInIndex = 0; path = SlideOutMenuWithTabViewUITests.xctest; sourceTree = BUILT_PRODUCTS_DIR; };
		BA8F75642343701B0078709C /* SlideOutMenuWithTabViewUITests.swift */ = {isa = PBXFileReference; lastKnownFileType = sourcecode.swift; path = SlideOutMenuWithTabViewUITests.swift; sourceTree = "<group>"; };
		BA8F75662343701B0078709C /* Info.plist */ = {isa = PBXFileReference; lastKnownFileType = text.plist.xml; path = Info.plist; sourceTree = "<group>"; };
		BA8F7577234370C90078709C /* MenuViewController.swift */ = {isa = PBXFileReference; lastKnownFileType = sourcecode.swift; path = MenuViewController.swift; sourceTree = "<group>"; };
		BA8F7579234371C20078709C /* MenuNavigationController.swift */ = {isa = PBXFileReference; fileEncoding = 4; lastKnownFileType = sourcecode.swift; path = MenuNavigationController.swift; sourceTree = "<group>"; };
		BA8F758823438CB10078709C /* ENSideMenu.swift */ = {isa = PBXFileReference; fileEncoding = 4; lastKnownFileType = sourcecode.swift; path = ENSideMenu.swift; sourceTree = "<group>"; };
		BA8F758923438CB10078709C /* ENSideMenuNavigationController.swift */ = {isa = PBXFileReference; fileEncoding = 4; lastKnownFileType = sourcecode.swift; path = ENSideMenuNavigationController.swift; sourceTree = "<group>"; };
/* End PBXFileReference section */

/* Begin PBXFrameworksBuildPhase section */
		BA8F753C234370190078709C /* Frameworks */ = {
			isa = PBXFrameworksBuildPhase;
			buildActionMask = 2147483647;
			files = (
			);
			runOnlyForDeploymentPostprocessing = 0;
		};
		BA8F75522343701B0078709C /* Frameworks */ = {
			isa = PBXFrameworksBuildPhase;
			buildActionMask = 2147483647;
			files = (
			);
			runOnlyForDeploymentPostprocessing = 0;
		};
		BA8F755D2343701B0078709C /* Frameworks */ = {
			isa = PBXFrameworksBuildPhase;
			buildActionMask = 2147483647;
			files = (
			);
			runOnlyForDeploymentPostprocessing = 0;
		};
/* End PBXFrameworksBuildPhase section */

/* Begin PBXGroup section */
		BA8F7536234370190078709C = {
			isa = PBXGroup;
			children = (
				BA8F7541234370190078709C /* SlideOutMenuWithTabView */,
				BA8F75582343701B0078709C /* SlideOutMenuWithTabViewTests */,
				BA8F75632343701B0078709C /* SlideOutMenuWithTabViewUITests */,
				BA8F7540234370190078709C /* Products */,
			);
			sourceTree = "<group>";
		};
		BA8F7540234370190078709C /* Products */ = {
			isa = PBXGroup;
			children = (
				BA8F753F234370190078709C /* SlideOutMenuWithTabView.app */,
				BA8F75552343701B0078709C /* SlideOutMenuWithTabViewTests.xctest */,
				BA8F75602343701B0078709C /* SlideOutMenuWithTabViewUITests.xctest */,
			);
			name = Products;
			sourceTree = "<group>";
		};
		BA8F7541234370190078709C /* SlideOutMenuWithTabView */ = {
			isa = PBXGroup;
			children = (
				BA8F758723438CB10078709C /* Library */,
				BA8F7542234370190078709C /* AppDelegate.swift */,
				BA8F7544234370190078709C /* FirstViewController.swift */,
				BA8F7546234370190078709C /* SecondViewController.swift */,
				BA8F7579234371C20078709C /* MenuNavigationController.swift */,
				BA8F7577234370C90078709C /* MenuViewController.swift */,
				BA8F7548234370190078709C /* Main.storyboard */,
				BA8F754B2343701A0078709C /* Assets.xcassets */,
				BA8F754D2343701A0078709C /* LaunchScreen.storyboard */,
				BA8F75502343701A0078709C /* Info.plist */,
			);
			path = SlideOutMenuWithTabView;
			sourceTree = "<group>";
		};
		BA8F75582343701B0078709C /* SlideOutMenuWithTabViewTests */ = {
			isa = PBXGroup;
			children = (
				BA8F75592343701B0078709C /* SlideOutMenuWithTabViewTests.swift */,
				BA8F755B2343701B0078709C /* Info.plist */,
			);
			path = SlideOutMenuWithTabViewTests;
			sourceTree = "<group>";
		};
		BA8F75632343701B0078709C /* SlideOutMenuWithTabViewUITests */ = {
			isa = PBXGroup;
			children = (
				BA8F75642343701B0078709C /* SlideOutMenuWithTabViewUITests.swift */,
				BA8F75662343701B0078709C /* Info.plist */,
			);
			path = SlideOutMenuWithTabViewUITests;
			sourceTree = "<group>";
		};
		BA8F758723438CB10078709C /* Library */ = {
			isa = PBXGroup;
			children = (
				BA8F758823438CB10078709C /* ENSideMenu.swift */,
				BA8F758923438CB10078709C /* ENSideMenuNavigationController.swift */,
			);
			path = Library;
			sourceTree = "<group>";
		};
/* End PBXGroup section */

/* Begin PBXNativeTarget section */
		BA8F753E234370190078709C /* SlideOutMenuWithTabView */ = {
			isa = PBXNativeTarget;
			buildConfigurationList = BA8F75692343701B0078709C /* Build configuration list for PBXNativeTarget "SlideOutMenuWithTabView" */;
			buildPhases = (
				BA8F753B234370190078709C /* Sources */,
				BA8F753C234370190078709C /* Frameworks */,
				BA8F753D234370190078709C /* Resources */,
			);
			buildRules = (
			);
			dependencies = (
			);
			name = SlideOutMenuWithTabView;
			productName = SlideOutMenuWithTabView;
			productReference = BA8F753F234370190078709C /* SlideOutMenuWithTabView.app */;
			productType = "com.apple.product-type.application";
		};
		BA8F75542343701B0078709C /* SlideOutMenuWithTabViewTests */ = {
			isa = PBXNativeTarget;
			buildConfigurationList = BA8F756C2343701B0078709C /* Build configuration list for PBXNativeTarget "SlideOutMenuWithTabViewTests" */;
			buildPhases = (
				BA8F75512343701B0078709C /* Sources */,
				BA8F75522343701B0078709C /* Frameworks */,
				BA8F75532343701B0078709C /* Resources */,
			);
			buildRules = (
			);
			dependencies = (
				BA8F75572343701B0078709C /* PBXTargetDependency */,
			);
			name = SlideOutMenuWithTabViewTests;
			productName = SlideOutMenuWithTabViewTests;
			productReference = BA8F75552343701B0078709C /* SlideOutMenuWithTabViewTests.xctest */;
			productType = "com.apple.product-type.bundle.unit-test";
		};
		BA8F755F2343701B0078709C /* SlideOutMenuWithTabViewUITests */ = {
			isa = PBXNativeTarget;
			buildConfigurationList = BA8F756F2343701B0078709C /* Build configuration list for PBXNativeTarget "SlideOutMenuWithTabViewUITests" */;
			buildPhases = (
				BA8F755C2343701B0078709C /* Sources */,
				BA8F755D2343701B0078709C /* Frameworks */,
				BA8F755E2343701B0078709C /* Resources */,
			);
			buildRules = (
			);
			dependencies = (
				BA8F75622343701B0078709C /* PBXTargetDependency */,
			);
			name = SlideOutMenuWithTabViewUITests;
			productName = SlideOutMenuWithTabViewUITests;
			productReference = BA8F75602343701B0078709C /* SlideOutMenuWithTabViewUITests.xctest */;
			productType = "com.apple.product-type.bundle.ui-testing";
		};
/* End PBXNativeTarget section */

/* Begin PBXProject section */
		BA8F7537234370190078709C /* Project object */ = {
			isa = PBXProject;
			attributes = {
				LastSwiftUpdateCheck = 1030;
				LastUpgradeCheck = 1030;
				ORGANIZATIONNAME = "Neha Pant";
				TargetAttributes = {
					BA8F753E234370190078709C = {
						CreatedOnToolsVersion = 10.3;
					};
					BA8F75542343701B0078709C = {
						CreatedOnToolsVersion = 10.3;
						TestTargetID = BA8F753E234370190078709C;
					};
					BA8F755F2343701B0078709C = {
						CreatedOnToolsVersion = 10.3;
						TestTargetID = BA8F753E234370190078709C;
					};
				};
			};
			buildConfigurationList = BA8F753A234370190078709C /* Build configuration list for PBXProject "SlideOutMenuWithTabView" */;
			compatibilityVersion = "Xcode 9.3";
			developmentRegion = en;
			hasScannedForEncodings = 0;
			knownRegions = (
				en,
				Base,
			);
			mainGroup = BA8F7536234370190078709C;
			productRefGroup = BA8F7540234370190078709C /* Products */;
			projectDirPath = "";
			projectRoot = "";
			targets = (
				BA8F753E234370190078709C /* SlideOutMenuWithTabView */,
				BA8F75542343701B0078709C /* SlideOutMenuWithTabViewTests */,
				BA8F755F2343701B0078709C /* SlideOutMenuWithTabViewUITests */,
			);
		};
/* End PBXProject section */

/* Begin PBXResourcesBuildPhase section */
		BA8F753D234370190078709C /* Resources */ = {
			isa = PBXResourcesBuildPhase;
			buildActionMask = 2147483647;
			files = (
				BA8F754F2343701A0078709C /* LaunchScreen.storyboard in Resources */,
				BA8F754C2343701A0078709C /* Assets.xcassets in Resources */,
				BA8F754A234370190078709C /* Main.storyboard in Resources */,
			);
			runOnlyForDeploymentPostprocessing = 0;
		};
		BA8F75532343701B0078709C /* Resources */ = {
			isa = PBXResourcesBuildPhase;
			buildActionMask = 2147483647;
			files = (
			);
			runOnlyForDeploymentPostprocessing = 0;
		};
		BA8F755E2343701B0078709C /* Resources */ = {
			isa = PBXResourcesBuildPhase;
			buildActionMask = 2147483647;
			files = (
			);
			runOnlyForDeploymentPostprocessing = 0;
		};
/* End PBXResourcesBuildPhase section */

/* Begin PBXSourcesBuildPhase section */
		BA8F753B234370190078709C /* Sources */ = {
			isa = PBXSourcesBuildPhase;
			buildActionMask = 2147483647;
			files = (
				BA8F758A23438CB10078709C /* ENSideMenu.swift in Sources */,
				BA8F7578234370C90078709C /* MenuViewController.swift in Sources */,
				BA8F7547234370190078709C /* SecondViewController.swift in Sources */,
				BA8F758B23438CB10078709C /* ENSideMenuNavigationController.swift in Sources */,
				BA8F7543234370190078709C /* AppDelegate.swift in Sources */,
				BA8F757A234371C20078709C /* MenuNavigationController.swift in Sources */,
				BA8F7545234370190078709C /* FirstViewController.swift in Sources */,
			);
			runOnlyForDeploymentPostprocessing = 0;
		};
		BA8F75512343701B0078709C /* Sources */ = {
			isa = PBXSourcesBuildPhase;
			buildActionMask = 2147483647;
			files = (
				BA8F755A2343701B0078709C /* SlideOutMenuWithTabViewTests.swift in Sources */,
			);
			runOnlyForDeploymentPostprocessing = 0;
		};
		BA8F755C2343701B0078709C /* Sources */ = {
			isa = PBXSourcesBuildPhase;
			buildActionMask = 2147483647;
			files = (
				BA8F75652343701B0078709C /* SlideOutMenuWithTabViewUITests.swift in Sources */,
			);
			runOnlyForDeploymentPostprocessing = 0;
		};
/* End PBXSourcesBuildPhase section */

/* Begin PBXTargetDependency section */
		BA8F75572343701B0078709C /* PBXTargetDependency */ = {
			isa = PBXTargetDependency;
			target = BA8F753E234370190078709C /* SlideOutMenuWithTabView */;
			targetProxy = BA8F75562343701B0078709C /* PBXContainerItemProxy */;
		};
		BA8F75622343701B0078709C /* PBXTargetDependency */ = {
			isa = PBXTargetDependency;
			target = BA8F753E234370190078709C /* SlideOutMenuWithTabView */;
			targetProxy = BA8F75612343701B0078709C /* PBXContainerItemProxy */;
		};
/* End PBXTargetDependency section */

/* Begin PBXVariantGroup section */
		BA8F7548234370190078709C /* Main.storyboard */ = {
			isa = PBXVariantGroup;
			children = (
				BA8F7549234370190078709C /* Base */,
			);
			name = Main.storyboard;
			sourceTree = "<group>";
		};
		BA8F754D2343701A0078709C /* LaunchScreen.storyboard */ = {
			isa = PBXVariantGroup;
			children = (
				BA8F754E2343701A0078709C /* Base */,
			);
			name = LaunchScreen.storyboard;
			sourceTree = "<group>";
		};
/* End PBXVariantGroup section */

/* Begin XCBuildConfiguration section */
		BA8F75672343701B0078709C /* Debug */ = {
			isa = XCBuildConfiguration;
			buildSettings = {
				ALWAYS_SEARCH_USER_PATHS = NO;
				CLANG_ANALYZER_NONNULL = YES;
				CLANG_ANALYZER_NUMBER_OBJECT_CONVERSION = YES_AGGRESSIVE;
				CLANG_CXX_LANGUAGE_STANDARD = "gnu++14";
				CLANG_CXX_LIBRARY = "libc++";
				CLANG_ENABLE_MODULES = YES;
				CLANG_ENABLE_OBJC_ARC = YES;
				CLANG_ENABLE_OBJC_WEAK = YES;
				CLANG_WARN_BLOCK_CAPTURE_AUTORELEASING = YES;
				CLANG_WARN_BOOL_CONVERSION = YES;
				CLANG_WARN_COMMA = YES;
				CLANG_WARN_CONSTANT_CONVERSION = YES;
				CLANG_WARN_DEPRECATED_OBJC_IMPLEMENTATIONS = YES;
				CLANG_WARN_DIRECT_OBJC_ISA_USAGE = YES_ERROR;
				CLANG_WARN_DOCUMENTATION_COMMENTS = YES;
				CLANG_WARN_EMPTY_BODY = YES;
				CLANG_WARN_ENUM_CONVERSION = YES;
				CLANG_WARN_INFINITE_RECURSION = YES;
				CLANG_WARN_INT_CONVERSION = YES;
				CLANG_WARN_NON_LITERAL_NULL_CONVERSION = YES;
				CLANG_WARN_OBJC_IMPLICIT_RETAIN_SELF = YES;
				CLANG_WARN_OBJC_LITERAL_CONVERSION = YES;
				CLANG_WARN_OBJC_ROOT_CLASS = YES_ERROR;
				CLANG_WARN_RANGE_LOOP_ANALYSIS = YES;
				CLANG_WARN_STRICT_PROTOTYPES = YES;
				CLANG_WARN_SUSPICIOUS_MOVE = YES;
				CLANG_WARN_UNGUARDED_AVAILABILITY = YES_AGGRESSIVE;
				CLANG_WARN_UNREACHABLE_CODE = YES;
				CLANG_WARN__DUPLICATE_METHOD_MATCH = YES;
				CODE_SIGN_IDENTITY = "iPhone Developer";
				COPY_PHASE_STRIP = NO;
				DEBUG_INFORMATION_FORMAT = dwarf;
				ENABLE_STRICT_OBJC_MSGSEND = YES;
				ENABLE_TESTABILITY = YES;
				GCC_C_LANGUAGE_STANDARD = gnu11;
				GCC_DYNAMIC_NO_PIC = NO;
				GCC_NO_COMMON_BLOCKS = YES;
				GCC_OPTIMIZATION_LEVEL = 0;
				GCC_PREPROCESSOR_DEFINITIONS = (
					"DEBUG=1",
					"$(inherited)",
				);
				GCC_WARN_64_TO_32_BIT_CONVERSION = YES;
				GCC_WARN_ABOUT_RETURN_TYPE = YES_ERROR;
				GCC_WARN_UNDECLARED_SELECTOR = YES;
				GCC_WARN_UNINITIALIZED_AUTOS = YES_AGGRESSIVE;
				GCC_WARN_UNUSED_FUNCTION = YES;
				GCC_WARN_UNUSED_VARIABLE = YES;
				IPHONEOS_DEPLOYMENT_TARGET = 12.4;
				MTL_ENABLE_DEBUG_INFO = INCLUDE_SOURCE;
				MTL_FAST_MATH = YES;
				ONLY_ACTIVE_ARCH = YES;
				SDKROOT = iphoneos;
				SWIFT_ACTIVE_COMPILATION_CONDITIONS = DEBUG;
				SWIFT_OPTIMIZATION_LEVEL = "-Onone";
			};
			name = Debug;
		};
		BA8F75682343701B0078709C /* Release */ = {
			isa = XCBuildConfiguration;
			buildSettings = {
				ALWAYS_SEARCH_USER_PATHS = NO;
				CLANG_ANALYZER_NONNULL = YES;
				CLANG_ANALYZER_NUMBER_OBJECT_CONVERSION = YES_AGGRESSIVE;
				CLANG_CXX_LANGUAGE_STANDARD = "gnu++14";
				CLANG_CXX_LIBRARY = "libc++";
				CLANG_ENABLE_MODULES = YES;
				CLANG_ENABLE_OBJC_ARC = YES;
				CLANG_ENABLE_OBJC_WEAK = YES;
				CLANG_WARN_BLOCK_CAPTURE_AUTORELEASING = YES;
				CLANG_WARN_BOOL_CONVERSION = YES;
				CLANG_WARN_COMMA = YES;
				CLANG_WARN_CONSTANT_CONVERSION = YES;
				CLANG_WARN_DEPRECATED_OBJC_IMPLEMENTATIONS = YES;
				CLANG_WARN_DIRECT_OBJC_ISA_USAGE = YES_ERROR;
				CLANG_WARN_DOCUMENTATION_COMMENTS = YES;
				CLANG_WARN_EMPTY_BODY = YES;
				CLANG_WARN_ENUM_CONVERSION = YES;
				CLANG_WARN_INFINITE_RECURSION = YES;
				CLANG_WARN_INT_CONVERSION = YES;
				CLANG_WARN_NON_LITERAL_NULL_CONVERSION = YES;
				CLANG_WARN_OBJC_IMPLICIT_RETAIN_SELF = YES;
				CLANG_WARN_OBJC_LITERAL_CONVERSION = YES;
				CLANG_WARN_OBJC_ROOT_CLASS = YES_ERROR;
				CLANG_WARN_RANGE_LOOP_ANALYSIS = YES;
				CLANG_WARN_STRICT_PROTOTYPES = YES;
				CLANG_WARN_SUSPICIOUS_MOVE = YES;
				CLANG_WARN_UNGUARDED_AVAILABILITY = YES_AGGRESSIVE;
				CLANG_WARN_UNREACHABLE_CODE = YES;
				CLANG_WARN__DUPLICATE_METHOD_MATCH = YES;
				CODE_SIGN_IDENTITY = "iPhone Developer";
				COPY_PHASE_STRIP = NO;
				DEBUG_INFORMATION_FORMAT = "dwarf-with-dsym";
				ENABLE_NS_ASSERTIONS = NO;
				ENABLE_STRICT_OBJC_MSGSEND = YES;
				GCC_C_LANGUAGE_STANDARD = gnu11;
				GCC_NO_COMMON_BLOCKS = YES;
				GCC_WARN_64_TO_32_BIT_CONVERSION = YES;
				GCC_WARN_ABOUT_RETURN_TYPE = YES_ERROR;
				GCC_WARN_UNDECLARED_SELECTOR = YES;
				GCC_WARN_UNINITIALIZED_AUTOS = YES_AGGRESSIVE;
				GCC_WARN_UNUSED_FUNCTION = YES;
				GCC_WARN_UNUSED_VARIABLE = YES;
				IPHONEOS_DEPLOYMENT_TARGET = 12.4;
				MTL_ENABLE_DEBUG_INFO = NO;
				MTL_FAST_MATH = YES;
				SDKROOT = iphoneos;
				SWIFT_COMPILATION_MODE = wholemodule;
				SWIFT_OPTIMIZATION_LEVEL = "-O";
				VALIDATE_PRODUCT = YES;
			};
			name = Release;
		};
		BA8F756A2343701B0078709C /* Debug */ = {
			isa = XCBuildConfiguration;
			buildSettings = {
				ASSETCATALOG_COMPILER_APPICON_NAME = AppIcon;
				CODE_SIGN_STYLE = Automatic;
				INFOPLIST_FILE = SlideOutMenuWithTabView/Info.plist;
				LD_RUNPATH_SEARCH_PATHS = (
					"$(inherited)",
					"@executable_path/Frameworks",
				);
				PRODUCT_BUNDLE_IDENTIFIER = access.test.SlideOutMenuWithTabView;
				PRODUCT_NAME = "$(TARGET_NAME)";
				SWIFT_VERSION = 5.0;
				TARGETED_DEVICE_FAMILY = "1,2";
			};
			name = Debug;
		};
		BA8F756B2343701B0078709C /* Release */ = {
			isa = XCBuildConfiguration;
			buildSettings = {
				ASSETCATALOG_COMPILER_APPICON_NAME = AppIcon;
				CODE_SIGN_STYLE = Automatic;
				INFOPLIST_FILE = SlideOutMenuWithTabView/Info.plist;
				LD_RUNPATH_SEARCH_PATHS = (
					"$(inherited)",
					"@executable_path/Frameworks",
				);
				PRODUCT_BUNDLE_IDENTIFIER = access.test.SlideOutMenuWithTabView;
				PRODUCT_NAME = "$(TARGET_NAME)";
				SWIFT_VERSION = 5.0;
				TARGETED_DEVICE_FAMILY = "1,2";
			};
			name = Release;
		};
		BA8F756D2343701B0078709C /* Debug */ = {
			isa = XCBuildConfiguration;
			buildSettings = {
				ALWAYS_EMBED_SWIFT_STANDARD_LIBRARIES = YES;
				BUNDLE_LOADER = "$(TEST_HOST)";
				CODE_SIGN_STYLE = Automatic;
				INFOPLIST_FILE = SlideOutMenuWithTabViewTests/Info.plist;
				LD_RUNPATH_SEARCH_PATHS = (
					"$(inherited)",
					"@executable_path/Frameworks",
					"@loader_path/Frameworks",
				);
				PRODUCT_BUNDLE_IDENTIFIER = access.test.SlideOutMenuWithTabViewTests;
				PRODUCT_NAME = "$(TARGET_NAME)";
				SWIFT_VERSION = 5.0;
				TARGETED_DEVICE_FAMILY = "1,2";
				TEST_HOST = "$(BUILT_PRODUCTS_DIR)/SlideOutMenuWithTabView.app/SlideOutMenuWithTabView";
			};
			name = Debug;
		};
		BA8F756E2343701B0078709C /* Release */ = {
			isa = XCBuildConfiguration;
			buildSettings = {
				ALWAYS_EMBED_SWIFT_STANDARD_LIBRARIES = YES;
				BUNDLE_LOADER = "$(TEST_HOST)";
				CODE_SIGN_STYLE = Automatic;
				INFOPLIST_FILE = SlideOutMenuWithTabViewTests/Info.plist;
				LD_RUNPATH_SEARCH_PATHS = (
					"$(inherited)",
					"@executable_path/Frameworks",
					"@loader_path/Frameworks",
				);
				PRODUCT_BUNDLE_IDENTIFIER = access.test.SlideOutMenuWithTabViewTests;
				PRODUCT_NAME = "$(TARGET_NAME)";
				SWIFT_VERSION = 5.0;
				TARGETED_DEVICE_FAMILY = "1,2";
				TEST_HOST = "$(BUILT_PRODUCTS_DIR)/SlideOutMenuWithTabView.app/SlideOutMenuWithTabView";
			};
			name = Release;
		};
		BA8F75702343701B0078709C /* Debug */ = {
			isa = XCBuildConfiguration;
			buildSettings = {
				ALWAYS_EMBED_SWIFT_STANDARD_LIBRARIES = YES;
				CODE_SIGN_STYLE = Automatic;
				INFOPLIST_FILE = SlideOutMenuWithTabViewUITests/Info.plist;
				LD_RUNPATH_SEARCH_PATHS = (
					"$(inherited)",
					"@executable_path/Frameworks",
					"@loader_path/Frameworks",
				);
				PRODUCT_BUNDLE_IDENTIFIER = access.test.SlideOutMenuWithTabViewUITests;
				PRODUCT_NAME = "$(TARGET_NAME)";
				SWIFT_VERSION = 5.0;
				TARGETED_DEVICE_FAMILY = "1,2";
				TEST_TARGET_NAME = SlideOutMenuWithTabView;
			};
			name = Debug;
		};
		BA8F75712343701B0078709C /* Release */ = {
			isa = XCBuildConfiguration;
			buildSettings = {
				ALWAYS_EMBED_SWIFT_STANDARD_LIBRARIES = YES;
				CODE_SIGN_STYLE = Automatic;
				INFOPLIST_FILE = SlideOutMenuWithTabViewUITests/Info.plist;
				LD_RUNPATH_SEARCH_PATHS = (
					"$(inherited)",
					"@executable_path/Frameworks",
					"@loader_path/Frameworks",
				);
				PRODUCT_BUNDLE_IDENTIFIER = access.test.SlideOutMenuWithTabViewUITests;
				PRODUCT_NAME = "$(TARGET_NAME)";
				SWIFT_VERSION = 5.0;
				TARGETED_DEVICE_FAMILY = "1,2";
				TEST_TARGET_NAME = SlideOutMenuWithTabView;
			};
			name = Release;
		};
/* End XCBuildConfiguration section */

/* Begin XCConfigurationList section */
		BA8F753A234370190078709C /* Build configuration list for PBXProject "SlideOutMenuWithTabView" */ = {
			isa = XCConfigurationList;
			buildConfigurations = (
				BA8F75672343701B0078709C /* Debug */,
				BA8F75682343701B0078709C /* Release */,
			);
			defaultConfigurationIsVisible = 0;
			defaultConfigurationName = Release;
		};
		BA8F75692343701B0078709C /* Build configuration list for PBXNativeTarget "SlideOutMenuWithTabView" */ = {
			isa = XCConfigurationList;
			buildConfigurations = (
				BA8F756A2343701B0078709C /* Debug */,
				BA8F756B2343701B0078709C /* Release */,
			);
			defaultConfigurationIsVisible = 0;
			defaultConfigurationName = Release;
		};
		BA8F756C2343701B0078709C /* Build configuration list for PBXNativeTarget "SlideOutMenuWithTabViewTests" */ = {
			isa = XCConfigurationList;
			buildConfigurations = (
				BA8F756D2343701B0078709C /* Debug */,
				BA8F756E2343701B0078709C /* Release */,
			);
			defaultConfigurationIsVisible = 0;
			defaultConfigurationName = Release;
		};
		BA8F756F2343701B0078709C /* Build configuration list for PBXNativeTarget "SlideOutMenuWithTabViewUITests" */ = {
			isa = XCConfigurationList;
			buildConfigurations = (
				BA8F75702343701B0078709C /* Debug */,
				BA8F75712343701B0078709C /* Release */,
			);
			defaultConfigurationIsVisible = 0;
			defaultConfigurationName = Release;
		};
/* End XCConfigurationList section */
	};
	rootObject = BA8F7537234370190078709C /* Project object */;
}
